
Microsoft Visual Studio Solution File, Format Version 12.00
# Visual Studio Version 17
VisualStudioVersion = 17.3.32825.248
MinimumVisualStudioVersion = 10.0.40219.1
Project("{FAE04EC0-301F-11D3-BF4B-00C04F79EFBC}") = "FinancialHealthChecker", "FinancialHealthChecker.csproj", "{63C61A4B-38A7-4FC7-9A84-B6CFBD7FA349}"
EndProject
Global
	GlobalSection(SolutionConfigurationPlatforms) = preSolution
		Debug|Any CPU = Debug|Any CPU
		Release|Any CPU = Release|Any CPU
	EndGlobalSection
	GlobalSection(ProjectConfigurationPlatforms) = postSolution
		{63C61A4B-38A7-4FC7-9A84-B6CFBD7FA349}.Debug|Any CPU.ActiveCfg = Debug|Any CPU
		{63C61A4B-38A7-4FC7-9A84-B6CFBD7FA349}.Debug|Any CPU.Build.0 = Debug|Any CPU
		{63C61A4B-38A7-4FC7-9A84-B6CFBD7FA349}.Release|Any CPU.ActiveCfg = Release|Any CPU
		{63C61A4B-38A7-4FC7-9A84-B6CFBD7FA349}.Release|Any CPU.Build.0 = Release|Any CPU
	EndGlobalSection
	GlobalSection(SolutionProperties) = preSolution
		HideSolutionNode = FALSE
	EndGlobalSection
	GlobalSection(ExtensibilityGlobals) = postSolution
		SolutionGuid = {65FC0985-A302-4B97-9817-DD726EEA187C}
	EndGlobalSection
EndGlobal
